
Microsoft Visual Studio Solution File, Format Version 12.00
# Visual Studio Version 17
VisualStudioVersion = 17.6.33815.320
MinimumVisualStudioVersion = 10.0.40219.1
Project("{9A19103F-16F7-4668-BE54-9A1E7A4F7556}") = "Shapes", "Shapes.csproj", "{2B495C1E-9781-44B4-9B77-7DEDF75F368B}"
EndProject
Project("{2150E333-8FDC-42A3-9474-1A3956D46DE8}") = "Элементы решения", "Элементы решения", "{5C34E7D4-1B23-4475-863E-563F7E87F599}"
	ProjectSection(SolutionItems) = preProject
		Circle.cs = Circle.cs
	EndProjectSection
EndProject
Global
	GlobalSection(SolutionConfigurationPlatforms) = preSolution
		Debug|Any CPU = Debug|Any CPU
		Release|Any CPU = Release|Any CPU
	EndGlobalSection
	GlobalSection(ProjectConfigurationPlatforms) = postSolution
		{2B495C1E-9781-44B4-9B77-7DEDF75F368B}.Debug|Any CPU.ActiveCfg = Debug|Any CPU
		{2B495C1E-9781-44B4-9B77-7DEDF75F368B}.Debug|Any CPU.Build.0 = Debug|Any CPU
		{2B495C1E-9781-44B4-9B77-7DEDF75F368B}.Release|Any CPU.ActiveCfg = Release|Any CPU
		{2B495C1E-9781-44B4-9B77-7DEDF75F368B}.Release|Any CPU.Build.0 = Release|Any CPU
	EndGlobalSection
	GlobalSection(SolutionProperties) = preSolution
		HideSolutionNode = FALSE
	EndGlobalSection
	GlobalSection(ExtensibilityGlobals) = postSolution
		SolutionGuid = {3FD0634E-2C95-4A7F-BD8A-66C392C3330E}
	EndGlobalSection
EndGlobal
